
Microsoft Visual Studio Solution File, Format Version 12.00
# Visual Studio Version 16
VisualStudioVersion = 16.0.810.18
MinimumVisualStudioVersion = 10.0.40219.1
Project("{FAE04EC0-301F-11D3-BF4B-00C04F79EFBC}") = "PROYECTO-FINAL-FUNDAMENTOS", "PROYECTO-FINAL-FUNDAMENTOS\PROYECTO-FINAL-FUNDAMENTOS.csproj", "{DEF2B5C0-4767-4EA1-BBD6-5DA85B09064E}"
EndProject
Global
	GlobalSection(SolutionConfigurationPlatforms) = preSolution
		Debug|Any CPU = Debug|Any CPU
		Release|Any CPU = Release|Any CPU
	EndGlobalSection
	GlobalSection(ProjectConfigurationPlatforms) = postSolution
		{DEF2B5C0-4767-4EA1-BBD6-5DA85B09064E}.Debug|Any CPU.ActiveCfg = Debug|Any CPU
		{DEF2B5C0-4767-4EA1-BBD6-5DA85B09064E}.Debug|Any CPU.Build.0 = Debug|Any CPU
		{DEF2B5C0-4767-4EA1-BBD6-5DA85B09064E}.Release|Any CPU.ActiveCfg = Release|Any CPU
		{DEF2B5C0-4767-4EA1-BBD6-5DA85B09064E}.Release|Any CPU.Build.0 = Release|Any CPU
	EndGlobalSection
	GlobalSection(SolutionProperties) = preSolution
		HideSolutionNode = FALSE
	EndGlobalSection
	GlobalSection(ExtensibilityGlobals) = postSolution
		SolutionGuid = {9018B3DD-BE6B-4230-8C52-249B3C25FF5E}
	EndGlobalSection
EndGlobal
